
Microsoft Visual Studio Solution File, Format Version 12.00
# Visual Studio 15
VisualStudioVersion = 15.0.27130.2003
MinimumVisualStudioVersion = 10.0.40219.1
Project("{FAE04EC0-301F-11D3-BF4B-00C04F79EFBC}") = "ImageLabeler", "ImageLabeler\ImageLabeler.csproj", "{A7E0CE16-D593-4332-BB40-62EF366129EA}"
EndProject
Global
	GlobalSection(SolutionConfigurationPlatforms) = preSolution
		Debug|Any CPU = Debug|Any CPU
		Release|Any CPU = Release|Any CPU
	EndGlobalSection
	GlobalSection(ProjectConfigurationPlatforms) = postSolution
		{A7E0CE16-D593-4332-BB40-62EF366129EA}.Debug|Any CPU.ActiveCfg = Debug|Any CPU
		{A7E0CE16-D593-4332-BB40-62EF366129EA}.Debug|Any CPU.Build.0 = Debug|Any CPU
		{A7E0CE16-D593-4332-BB40-62EF366129EA}.Release|Any CPU.ActiveCfg = Release|Any CPU
		{A7E0CE16-D593-4332-BB40-62EF366129EA}.Release|Any CPU.Build.0 = Release|Any CPU
	EndGlobalSection
	GlobalSection(SolutionProperties) = preSolution
		HideSolutionNode = FALSE
	EndGlobalSection
	GlobalSection(ExtensibilityGlobals) = postSolution
		SolutionGuid = {E876EC71-CAC1-47E1-8ADE-2D500EC80926}
	EndGlobalSection
EndGlobal
